// !$*UTF8*$!
{
	archiveVersion = 1;
	classes = {
	};
	objectVersion = 51;
	objects = {

/* Begin PBXBuildFile section */
		0CA5D457E1C17456A8C05AE7 /* Pods_App.framework in Frameworks */ = {isa = PBXBuildFile; fileRef = ABD08EB1E1B435EDAD6E3563 /* Pods_App.framework */; };
		0E0D3FC1E44792E19252668F /* Pods_AppTests.framework in Frameworks */ = {isa = PBXBuildFile; fileRef = AA6633BFB5BE49EE4E1616FC /* Pods_AppTests.framework */; };
		C40FB057255DAA100085A71D /* ProfileViewModel.swift in Sources */ = {isa = PBXBuildFile; fileRef = C40FB056255DAA100085A71D /* ProfileViewModel.swift */; };
		C40FB059255DAB480085A71D /* ProfileViewModelTests.swift in Sources */ = {isa = PBXBuildFile; fileRef = C40FB058255DAB480085A71D /* ProfileViewModelTests.swift */; };
		C43E844425542F2000B82018 /* UserList.json in Resources */ = {isa = PBXBuildFile; fileRef = C43E844325542F2000B82018 /* UserList.json */; };
		C43E84472554310700B82018 /* APIServiceMock.swift in Sources */ = {isa = PBXBuildFile; fileRef = C43E84462554310700B82018 /* APIServiceMock.swift */; };
		C43E844A2554316300B82018 /* JSONHelper.swift in Sources */ = {isa = PBXBuildFile; fileRef = C43E84492554316300B82018 /* JSONHelper.swift */; };
		C43E844C255433A300B82018 /* ServiceMockHelper.swift in Sources */ = {isa = PBXBuildFile; fileRef = C43E844B255433A300B82018 /* ServiceMockHelper.swift */; };
		C43E844D25543C5D00B82018 /* UserList.json in Resources */ = {isa = PBXBuildFile; fileRef = C43E844325542F2000B82018 /* UserList.json */; };
		C43E84502554415000B82018 /* CoreDataStorage.swift in Sources */ = {isa = PBXBuildFile; fileRef = C43E844F2554415000B82018 /* CoreDataStorage.swift */; };
		C43E8453255454A400B82018 /* CodingUserInfoKey+Util.swift in Sources */ = {isa = PBXBuildFile; fileRef = C43E8452255454A400B82018 /* CodingUserInfoKey+Util.swift */; };
		C43E845F2554780700B82018 /* UserStorageManager.swift in Sources */ = {isa = PBXBuildFile; fileRef = C43E845E2554780700B82018 /* UserStorageManager.swift */; };
		C447C92A2556DCF700E2E780 /* UITableView+Util.swift in Sources */ = {isa = PBXBuildFile; fileRef = C447C9292556DCF700E2E780 /* UITableView+Util.swift */; };
		C447C92D2557166200E2E780 /* User+CoreDataClass.swift in Sources */ = {isa = PBXBuildFile; fileRef = C447C92B2557166100E2E780 /* User+CoreDataClass.swift */; };
		C447C92E2557166200E2E780 /* User+CoreDataProperties.swift in Sources */ = {isa = PBXBuildFile; fileRef = C447C92C2557166100E2E780 /* User+CoreDataProperties.swift */; };
		C447C930255726F700E2E780 /* Network+Connectivity+Util.swift in Sources */ = {isa = PBXBuildFile; fileRef = C447C92F255726F700E2E780 /* Network+Connectivity+Util.swift */; };
		C44DEFDE2559E73E003E328F /* UIImageView+Cache+Util.swift in Sources */ = {isa = PBXBuildFile; fileRef = C44DEFDD2559E73E003E328F /* UIImageView+Cache+Util.swift */; };
		C44DEFE02559EC98003E328F /* UIImage+Invert+Util.swift in Sources */ = {isa = PBXBuildFile; fileRef = C44DEFDF2559EC98003E328F /* UIImage+Invert+Util.swift */; };
		C4958509255D707B006DE80F /* LoadingTableViewCell.swift in Sources */ = {isa = PBXBuildFile; fileRef = C4958508255D707B006DE80F /* LoadingTableViewCell.swift */; };
		C495850B255D77A6006DE80F /* UserProfileViewController.swift in Sources */ = {isa = PBXBuildFile; fileRef = C495850A255D77A6006DE80F /* UserProfileViewController.swift */; };
		C4A9BDC4255429EB000090B7 /* UserViewModelTests.swift in Sources */ = {isa = PBXBuildFile; fileRef = C4A9BDC3255429EB000090B7 /* UserViewModelTests.swift */; };
		C4E02C0E255D7866008D7779 /* Storyboard.swift in Sources */ = {isa = PBXBuildFile; fileRef = C4E02C0D255D7866008D7779 /* Storyboard.swift */; };
		C4E02C11255D78F7008D7779 /* AppCoordinator.swift in Sources */ = {isa = PBXBuildFile; fileRef = C4E02C10255D78F7008D7779 /* AppCoordinator.swift */; };
		C4E02C13255D7908008D7779 /* Coordinator.swift in Sources */ = {isa = PBXBuildFile; fileRef = C4E02C12255D7908008D7779 /* Coordinator.swift */; };
		C4E6D2A6255BF0270037834B /* UIView+Util.swift in Sources */ = {isa = PBXBuildFile; fileRef = C4E6D2A5255BF0270037834B /* UIView+Util.swift */; };
		C4E6D2A8255C32380037834B /* GenericTableViewCell.swift in Sources */ = {isa = PBXBuildFile; fileRef = C4E6D2A7255C32380037834B /* GenericTableViewCell.swift */; };
		C4FB2D372553E1EA005A16F4 /* AppDelegate.swift in Sources */ = {isa = PBXBuildFile; fileRef = C4FB2D362553E1EA005A16F4 /* AppDelegate.swift */; };
		C4FB2D392553E1EA005A16F4 /* SceneDelegate.swift in Sources */ = {isa = PBXBuildFile; fileRef = C4FB2D382553E1EA005A16F4 /* SceneDelegate.swift */; };
		C4FB2D3E2553E1EA005A16F4 /* Main.storyboard in Resources */ = {isa = PBXBuildFile; fileRef = C4FB2D3C2553E1EA005A16F4 /* Main.storyboard */; };
		C4FB2D412553E1EA005A16F4 /* App.xcdatamodeld in Sources */ = {isa = PBXBuildFile; fileRef = C4FB2D3F2553E1EA005A16F4 /* App.xcdatamodeld */; };
		C4FB2D432553E1EB005A16F4 /* Assets.xcassets in Resources */ = {isa = PBXBuildFile; fileRef = C4FB2D422553E1EB005A16F4 /* Assets.xcassets */; };
		C4FB2D462553E1EB005A16F4 /* LaunchScreen.storyboard in Resources */ = {isa = PBXBuildFile; fileRef = C4FB2D442553E1EB005A16F4 /* LaunchScreen.storyboard */; };
		C4FB2D602553E316005A16F4 /* UsersListViewController.swift in Sources */ = {isa = PBXBuildFile; fileRef = C4FB2D5F2553E316005A16F4 /* UsersListViewController.swift */; };
		C4FB2D642553E3C3005A16F4 /* UserViewModel.swift in Sources */ = {isa = PBXBuildFile; fileRef = C4FB2D632553E3C3005A16F4 /* UserViewModel.swift */; };
		C4FB2D662553E435005A16F4 /* APIService.swift in Sources */ = {isa = PBXBuildFile; fileRef = C4FB2D652553E435005A16F4 /* APIService.swift */; };
		C4FB2D6B2553FC22005A16F4 /* UserTableViewDataSource.swift in Sources */ = {isa = PBXBuildFile; fileRef = C4FB2D6A2553FC22005A16F4 /* UserTableViewDataSource.swift */; };
		C4FB2D6D2553FC6F005A16F4 /* StandardTableViewCell.swift in Sources */ = {isa = PBXBuildFile; fileRef = C4FB2D6C2553FC6F005A16F4 /* StandardTableViewCell.swift */; };
		C4FB2D70255405B7005A16F4 /* BetterLogs.swift in Sources */ = {isa = PBXBuildFile; fileRef = C4FB2D6F255405B7005A16F4 /* BetterLogs.swift */; };
		C4FEF687255BEAF100C78FA1 /* InvertedTableViewCell.swift in Sources */ = {isa = PBXBuildFile; fileRef = C4FEF686255BEAF100C78FA1 /* InvertedTableViewCell.swift */; };
		C4FEF689255BEAFC00C78FA1 /* NoteTableViewCell.swift in Sources */ = {isa = PBXBuildFile; fileRef = C4FEF688255BEAFC00C78FA1 /* NoteTableViewCell.swift */; };
/* End PBXBuildFile section */

/* Begin PBXContainerItemProxy section */
		C4FB2D4D2553E1EB005A16F4 /* PBXContainerItemProxy */ = {
			isa = PBXContainerItemProxy;
			containerPortal = C4FB2D2B2553E1EA005A16F4 /* Project object */;
			proxyType = 1;
			remoteGlobalIDString = C4FB2D322553E1EA005A16F4;
			remoteInfo = App;
		};
/* End PBXContainerItemProxy section */

/* Begin PBXFileReference section */
		74BDCE8039D27921009F0410 /* Pods-AppTests.debug.xcconfig */ = {isa = PBXFileReference; includeInIndex = 1; lastKnownFileType = text.xcconfig; name = "Pods-AppTests.debug.xcconfig"; path = "Target Support Files/Pods-AppTests/Pods-AppTests.debug.xcconfig"; sourceTree = "<group>"; };
		7B802CA00A6281468A99163E /* Pods-AppTests.release.xcconfig */ = {isa = PBXFileReference; includeInIndex = 1; lastKnownFileType = text.xcconfig; name = "Pods-AppTests.release.xcconfig"; path = "Target Support Files/Pods-AppTests/Pods-AppTests.release.xcconfig"; sourceTree = "<group>"; };
		885D6023638E66F53F37E931 /* Pods-App.release.xcconfig */ = {isa = PBXFileReference; includeInIndex = 1; lastKnownFileType = text.xcconfig; name = "Pods-App.release.xcconfig"; path = "Target Support Files/Pods-App/Pods-App.release.xcconfig"; sourceTree = "<group>"; };
		8E2473B097E193DAE2D65B53 /* Pods-App.debug.xcconfig */ = {isa = PBXFileReference; includeInIndex = 1; lastKnownFileType = text.xcconfig; name = "Pods-App.debug.xcconfig"; path = "Target Support Files/Pods-App/Pods-App.debug.xcconfig"; sourceTree = "<group>"; };
		AA6633BFB5BE49EE4E1616FC /* Pods_AppTests.framework */ = {isa = PBXFileReference; explicitFileType = wrapper.framework; includeInIndex = 0; path = Pods_AppTests.framework; sourceTree = BUILT_PRODUCTS_DIR; };
		ABD08EB1E1B435EDAD6E3563 /* Pods_App.framework */ = {isa = PBXFileReference; explicitFileType = wrapper.framework; includeInIndex = 0; path = Pods_App.framework; sourceTree = BUILT_PRODUCTS_DIR; };
		C40FB056255DAA100085A71D /* ProfileViewModel.swift */ = {isa = PBXFileReference; lastKnownFileType = sourcecode.swift; path = ProfileViewModel.swift; sourceTree = "<group>"; };
		C40FB058255DAB480085A71D /* ProfileViewModelTests.swift */ = {isa = PBXFileReference; lastKnownFileType = sourcecode.swift; path = ProfileViewModelTests.swift; sourceTree = "<group>"; };
		C43E844325542F2000B82018 /* UserList.json */ = {isa = PBXFileReference; lastKnownFileType = text.json; path = UserList.json; sourceTree = "<group>"; };
		C43E84462554310700B82018 /* APIServiceMock.swift */ = {isa = PBXFileReference; lastKnownFileType = sourcecode.swift; path = APIServiceMock.swift; sourceTree = "<group>"; };
		C43E84492554316300B82018 /* JSONHelper.swift */ = {isa = PBXFileReference; lastKnownFileType = sourcecode.swift; path = JSONHelper.swift; sourceTree = "<group>"; };
		C43E844B255433A300B82018 /* ServiceMockHelper.swift */ = {isa = PBXFileReference; lastKnownFileType = sourcecode.swift; path = ServiceMockHelper.swift; sourceTree = "<group>"; };
		C43E844F2554415000B82018 /* CoreDataStorage.swift */ = {isa = PBXFileReference; lastKnownFileType = sourcecode.swift; path = CoreDataStorage.swift; sourceTree = "<group>"; };
		C43E8452255454A400B82018 /* CodingUserInfoKey+Util.swift */ = {isa = PBXFileReference; lastKnownFileType = sourcecode.swift; path = "CodingUserInfoKey+Util.swift"; sourceTree = "<group>"; };
		C43E845E2554780700B82018 /* UserStorageManager.swift */ = {isa = PBXFileReference; lastKnownFileType = sourcecode.swift; path = UserStorageManager.swift; sourceTree = "<group>"; };
		C447C9292556DCF700E2E780 /* UITableView+Util.swift */ = {isa = PBXFileReference; lastKnownFileType = sourcecode.swift; path = "UITableView+Util.swift"; sourceTree = "<group>"; };
		C447C92B2557166100E2E780 /* User+CoreDataClass.swift */ = {isa = PBXFileReference; lastKnownFileType = sourcecode.swift; name = "User+CoreDataClass.swift"; path = "/Users/mac-home/Documents/Workspace/App/App/Models/User+CoreDataClass.swift"; sourceTree = "<absolute>"; };
		C447C92C2557166100E2E780 /* User+CoreDataProperties.swift */ = {isa = PBXFileReference; lastKnownFileType = sourcecode.swift; name = "User+CoreDataProperties.swift"; path = "/Users/mac-home/Documents/Workspace/App/App/Models/User+CoreDataProperties.swift"; sourceTree = "<absolute>"; };
		C447C92F255726F700E2E780 /* Network+Connectivity+Util.swift */ = {isa = PBXFileReference; lastKnownFileType = sourcecode.swift; path = "Network+Connectivity+Util.swift"; sourceTree = "<group>"; };
		C44DEFDD2559E73E003E328F /* UIImageView+Cache+Util.swift */ = {isa = PBXFileReference; lastKnownFileType = sourcecode.swift; path = "UIImageView+Cache+Util.swift"; sourceTree = "<group>"; };
		C44DEFDF2559EC98003E328F /* UIImage+Invert+Util.swift */ = {isa = PBXFileReference; lastKnownFileType = sourcecode.swift; path = "UIImage+Invert+Util.swift"; sourceTree = "<group>"; };
		C4958508255D707B006DE80F /* LoadingTableViewCell.swift */ = {isa = PBXFileReference; lastKnownFileType = sourcecode.swift; path = LoadingTableViewCell.swift; sourceTree = "<group>"; };
		C495850A255D77A6006DE80F /* UserProfileViewController.swift */ = {isa = PBXFileReference; lastKnownFileType = sourcecode.swift; path = UserProfileViewController.swift; sourceTree = "<group>"; };
		C4A9BDC3255429EB000090B7 /* UserViewModelTests.swift */ = {isa = PBXFileReference; lastKnownFileType = sourcecode.swift; path = UserViewModelTests.swift; sourceTree = "<group>"; };
		C4E02C0D255D7866008D7779 /* Storyboard.swift */ = {isa = PBXFileReference; lastKnownFileType = sourcecode.swift; path = Storyboard.swift; sourceTree = "<group>"; };
		C4E02C10255D78F7008D7779 /* AppCoordinator.swift */ = {isa = PBXFileReference; lastKnownFileType = sourcecode.swift; path = AppCoordinator.swift; sourceTree = "<group>"; };
		C4E02C12255D7908008D7779 /* Coordinator.swift */ = {isa = PBXFileReference; lastKnownFileType = sourcecode.swift; path = Coordinator.swift; sourceTree = "<group>"; };
		C4E6D2A5255BF0270037834B /* UIView+Util.swift */ = {isa = PBXFileReference; lastKnownFileType = sourcecode.swift; path = "UIView+Util.swift"; sourceTree = "<group>"; };
		C4E6D2A7255C32380037834B /* GenericTableViewCell.swift */ = {isa = PBXFileReference; lastKnownFileType = sourcecode.swift; path = GenericTableViewCell.swift; sourceTree = "<group>"; };
		C4FB2D332553E1EA005A16F4 /* App.app */ = {isa = PBXFileReference; explicitFileType = wrapper.application; includeInIndex = 0; path = App.app; sourceTree = BUILT_PRODUCTS_DIR; };
		C4FB2D362553E1EA005A16F4 /* AppDelegate.swift */ = {isa = PBXFileReference; lastKnownFileType = sourcecode.swift; path = AppDelegate.swift; sourceTree = "<group>"; };
		C4FB2D382553E1EA005A16F4 /* SceneDelegate.swift */ = {isa = PBXFileReference; lastKnownFileType = sourcecode.swift; path = SceneDelegate.swift; sourceTree = "<group>"; };
		C4FB2D3D2553E1EA005A16F4 /* Base */ = {isa = PBXFileReference; lastKnownFileType = file.storyboard; name = Base; path = Base.lproj/Main.storyboard; sourceTree = "<group>"; };
		C4FB2D402553E1EA005A16F4 /* App.xcdatamodel */ = {isa = PBXFileReference; lastKnownFileType = wrapper.xcdatamodel; path = App.xcdatamodel; sourceTree = "<group>"; };
		C4FB2D422553E1EB005A16F4 /* Assets.xcassets */ = {isa = PBXFileReference; lastKnownFileType = folder.assetcatalog; path = Assets.xcassets; sourceTree = "<group>"; };
		C4FB2D452553E1EB005A16F4 /* Base */ = {isa = PBXFileReference; lastKnownFileType = file.storyboard; name = Base; path = Base.lproj/LaunchScreen.storyboard; sourceTree = "<group>"; };
		C4FB2D472553E1EB005A16F4 /* Info.plist */ = {isa = PBXFileReference; lastKnownFileType = text.plist.xml; path = Info.plist; sourceTree = "<group>"; };
		C4FB2D4C2553E1EB005A16F4 /* AppTests.xctest */ = {isa = PBXFileReference; explicitFileType = wrapper.cfbundle; includeInIndex = 0; path = AppTests.xctest; sourceTree = BUILT_PRODUCTS_DIR; };
		C4FB2D522553E1EB005A16F4 /* Info.plist */ = {isa = PBXFileReference; lastKnownFileType = text.plist.xml; path = Info.plist; sourceTree = "<group>"; };
		C4FB2D5F2553E316005A16F4 /* UsersListViewController.swift */ = {isa = PBXFileReference; lastKnownFileType = sourcecode.swift; path = UsersListViewController.swift; sourceTree = "<group>"; };
		C4FB2D632553E3C3005A16F4 /* UserViewModel.swift */ = {isa = PBXFileReference; lastKnownFileType = sourcecode.swift; path = UserViewModel.swift; sourceTree = "<group>"; };
		C4FB2D652553E435005A16F4 /* APIService.swift */ = {isa = PBXFileReference; lastKnownFileType = sourcecode.swift; path = APIService.swift; sourceTree = "<group>"; };
		C4FB2D6A2553FC22005A16F4 /* UserTableViewDataSource.swift */ = {isa = PBXFileReference; lastKnownFileType = sourcecode.swift; path = UserTableViewDataSource.swift; sourceTree = "<group>"; };
		C4FB2D6C2553FC6F005A16F4 /* StandardTableViewCell.swift */ = {isa = PBXFileReference; lastKnownFileType = sourcecode.swift; path = StandardTableViewCell.swift; sourceTree = "<group>"; };
		C4FB2D6F255405B7005A16F4 /* BetterLogs.swift */ = {isa = PBXFileReference; lastKnownFileType = sourcecode.swift; path = BetterLogs.swift; sourceTree = "<group>"; };
		C4FEF686255BEAF100C78FA1 /* InvertedTableViewCell.swift */ = {isa = PBXFileReference; lastKnownFileType = sourcecode.swift; path = InvertedTableViewCell.swift; sourceTree = "<group>"; };
		C4FEF688255BEAFC00C78FA1 /* NoteTableViewCell.swift */ = {isa = PBXFileReference; lastKnownFileType = sourcecode.swift; path = NoteTableViewCell.swift; sourceTree = "<group>"; };
/* End PBXFileReference section */

/* Begin PBXFrameworksBuildPhase section */
		C4FB2D302553E1EA005A16F4 /* Frameworks */ = {
			isa = PBXFrameworksBuildPhase;
			buildActionMask = 2147483647;
			files = (
				0CA5D457E1C17456A8C05AE7 /* Pods_App.framework in Frameworks */,
			);
			runOnlyForDeploymentPostprocessing = 0;
		};
		C4FB2D492553E1EB005A16F4 /* Frameworks */ = {
			isa = PBXFrameworksBuildPhase;
			buildActionMask = 2147483647;
			files = (
				0E0D3FC1E44792E19252668F /* Pods_AppTests.framework in Frameworks */,
			);
			runOnlyForDeploymentPostprocessing = 0;
		};
/* End PBXFrameworksBuildPhase section */

/* Begin PBXGroup section */
		5BE99542D7ADE8F347A0BB8B /* Frameworks */ = {
			isa = PBXGroup;
			children = (
				ABD08EB1E1B435EDAD6E3563 /* Pods_App.framework */,
				AA6633BFB5BE49EE4E1616FC /* Pods_AppTests.framework */,
			);
			name = Frameworks;
			sourceTree = "<group>";
		};
		AA57CE5E013B95853AC7215F /* Pods */ = {
			isa = PBXGroup;
			children = (
				8E2473B097E193DAE2D65B53 /* Pods-App.debug.xcconfig */,
				885D6023638E66F53F37E931 /* Pods-App.release.xcconfig */,
				74BDCE8039D27921009F0410 /* Pods-AppTests.debug.xcconfig */,
				7B802CA00A6281468A99163E /* Pods-AppTests.release.xcconfig */,
			);
			path = Pods;
			sourceTree = "<group>";
		};
		C43E843C25542DFD00B82018 /* UserList */ = {
			isa = PBXGroup;
			children = (
				C4A9BDC3255429EB000090B7 /* UserViewModelTests.swift */,
				C40FB058255DAB480085A71D /* ProfileViewModelTests.swift */,
			);
			path = UserList;
			sourceTree = "<group>";
		};
		C43E844025542EB700B82018 /* JSON */ = {
			isa = PBXGroup;
			children = (
				C43E844325542F2000B82018 /* UserList.json */,
			);
			path = JSON;
			sourceTree = "<group>";
		};
		C43E8445255430FC00B82018 /* Mock */ = {
			isa = PBXGroup;
			children = (
				C43E84462554310700B82018 /* APIServiceMock.swift */,
			);
			path = Mock;
			sourceTree = "<group>";
		};
		C43E84482554315600B82018 /* Helpers */ = {
			isa = PBXGroup;
			children = (
				C43E84492554316300B82018 /* JSONHelper.swift */,
				C43E844B255433A300B82018 /* ServiceMockHelper.swift */,
			);
			path = Helpers;
			sourceTree = "<group>";
		};
		C43E844E2554414500B82018 /* Persistence */ = {
			isa = PBXGroup;
			children = (
				C43E844F2554415000B82018 /* CoreDataStorage.swift */,
				C43E845E2554780700B82018 /* UserStorageManager.swift */,
			);
			path = Persistence;
			sourceTree = "<group>";
		};
		C43E845125544DE000B82018 /* Helpers */ = {
			isa = PBXGroup;
			children = (
				C4FB2D6F255405B7005A16F4 /* BetterLogs.swift */,
				C4E02C0D255D7866008D7779 /* Storyboard.swift */,
			);
			path = Helpers;
			sourceTree = "<group>";
		};
		C495850C255D77AA006DE80F /* User Profile */ = {
			isa = PBXGroup;
			children = (
				C495850A255D77A6006DE80F /* UserProfileViewController.swift */,
			);
			path = "User Profile";
			sourceTree = "<group>";
		};
		C4E02C0F255D78E5008D7779 /* Coordinator */ = {
			isa = PBXGroup;
			children = (
				C4E02C10255D78F7008D7779 /* AppCoordinator.swift */,
				C4E02C12255D7908008D7779 /* Coordinator.swift */,
			);
			path = Coordinator;
			sourceTree = "<group>";
		};
		C4FB2D2A2553E1EA005A16F4 = {
			isa = PBXGroup;
			children = (
				C4FB2D352553E1EA005A16F4 /* App */,
				C4FB2D4F2553E1EB005A16F4 /* AppTests */,
				C4FB2D342553E1EA005A16F4 /* Products */,
				AA57CE5E013B95853AC7215F /* Pods */,
				5BE99542D7ADE8F347A0BB8B /* Frameworks */,
			);
			sourceTree = "<group>";
		};
		C4FB2D342553E1EA005A16F4 /* Products */ = {
			isa = PBXGroup;
			children = (
				C4FB2D332553E1EA005A16F4 /* App.app */,
				C4FB2D4C2553E1EB005A16F4 /* AppTests.xctest */,
			);
			name = Products;
			sourceTree = "<group>";
		};
		C4FB2D352553E1EA005A16F4 /* App */ = {
			isa = PBXGroup;
			children = (
				C4E02C0F255D78E5008D7779 /* Coordinator */,
				C43E845125544DE000B82018 /* Helpers */,
				C4FB2D6E255405AC005A16F4 /* Extensions */,
				C4FB2D5E2553E2EF005A16F4 /* Services */,
				C4FB2D5D2553E2E1005A16F4 /* ViewControllers */,
				C4FB2D5C2553E2B0005A16F4 /* ViewModels */,
				C4FB2D5B2553E2A6005A16F4 /* Models */,
				C4FB2D362553E1EA005A16F4 /* AppDelegate.swift */,
				C4FB2D382553E1EA005A16F4 /* SceneDelegate.swift */,
				C4FB2D3C2553E1EA005A16F4 /* Main.storyboard */,
				C4FB2D422553E1EB005A16F4 /* Assets.xcassets */,
				C4FB2D472553E1EB005A16F4 /* Info.plist */,
				C4FB2D3F2553E1EA005A16F4 /* App.xcdatamodeld */,
				C4FB2D442553E1EB005A16F4 /* LaunchScreen.storyboard */,
			);
			path = App;
			sourceTree = "<group>";
		};
		C4FB2D4F2553E1EB005A16F4 /* AppTests */ = {
			isa = PBXGroup;
			children = (
				C43E84482554315600B82018 /* Helpers */,
				C43E8445255430FC00B82018 /* Mock */,
				C43E844025542EB700B82018 /* JSON */,
				C43E843C25542DFD00B82018 /* UserList */,
				C4FB2D522553E1EB005A16F4 /* Info.plist */,
			);
			path = AppTests;
			sourceTree = "<group>";
		};
		C4FB2D5B2553E2A6005A16F4 /* Models */ = {
			isa = PBXGroup;
			children = (
				C447C92B2557166100E2E780 /* User+CoreDataClass.swift */,
				C447C92C2557166100E2E780 /* User+CoreDataProperties.swift */,
				C43E844E2554414500B82018 /* Persistence */,
			);
			path = Models;
			sourceTree = "<group>";
		};
		C4FB2D5C2553E2B0005A16F4 /* ViewModels */ = {
			isa = PBXGroup;
			children = (
				C4FB2D632553E3C3005A16F4 /* UserViewModel.swift */,
				C40FB056255DAA100085A71D /* ProfileViewModel.swift */,
			);
			path = ViewModels;
			sourceTree = "<group>";
		};
		C4FB2D5D2553E2E1005A16F4 /* ViewControllers */ = {
			isa = PBXGroup;
			children = (
				C4FB2D692553FBF5005A16F4 /* User list */,
				C495850C255D77AA006DE80F /* User Profile */,
			);
			path = ViewControllers;
			sourceTree = "<group>";
		};
		C4FB2D5E2553E2EF005A16F4 /* Services */ = {
			isa = PBXGroup;
			children = (
				C4FB2D652553E435005A16F4 /* APIService.swift */,
			);
			path = Services;
			sourceTree = "<group>";
		};
		C4FB2D692553FBF5005A16F4 /* User list */ = {
			isa = PBXGroup;
			children = (
				C4FEF683255BE83800C78FA1 /* TableViewCells */,
				C4FB2D5F2553E316005A16F4 /* UsersListViewController.swift */,
				C4FB2D6A2553FC22005A16F4 /* UserTableViewDataSource.swift */,
			);
			path = "User list";
			sourceTree = "<group>";
		};
		C4FB2D6E255405AC005A16F4 /* Extensions */ = {
			isa = PBXGroup;
			children = (
				C447C92F255726F700E2E780 /* Network+Connectivity+Util.swift */,
				C43E8452255454A400B82018 /* CodingUserInfoKey+Util.swift */,
				C447C9292556DCF700E2E780 /* UITableView+Util.swift */,
				C44DEFDD2559E73E003E328F /* UIImageView+Cache+Util.swift */,
				C44DEFDF2559EC98003E328F /* UIImage+Invert+Util.swift */,
				C4E6D2A5255BF0270037834B /* UIView+Util.swift */,
			);
			path = Extensions;
			sourceTree = "<group>";
		};
		C4FEF683255BE83800C78FA1 /* TableViewCells */ = {
			isa = PBXGroup;
			children = (
				C4FB2D6C2553FC6F005A16F4 /* StandardTableViewCell.swift */,
				C4FEF686255BEAF100C78FA1 /* InvertedTableViewCell.swift */,
				C4FEF688255BEAFC00C78FA1 /* NoteTableViewCell.swift */,
				C4E6D2A7255C32380037834B /* GenericTableViewCell.swift */,
				C4958508255D707B006DE80F /* LoadingTableViewCell.swift */,
			);
			path = TableViewCells;
			sourceTree = "<group>";
		};
/* End PBXGroup section */

/* Begin PBXNativeTarget section */
		C4FB2D322553E1EA005A16F4 /* App */ = {
			isa = PBXNativeTarget;
			buildConfigurationList = C4FB2D552553E1EC005A16F4 /* Build configuration list for PBXNativeTarget "App" */;
			buildPhases = (
				AFD2CA7BB26725662AF63024 /* [CP] Check Pods Manifest.lock */,
				C4FB2D2F2553E1EA005A16F4 /* Sources */,
				C4FB2D302553E1EA005A16F4 /* Frameworks */,
				C4FB2D312553E1EA005A16F4 /* Resources */,
			);
			buildRules = (
			);
			dependencies = (
			);
			name = App;
			productName = App;
			productReference = C4FB2D332553E1EA005A16F4 /* App.app */;
			productType = "com.apple.product-type.application";
		};
		C4FB2D4B2553E1EB005A16F4 /* AppTests */ = {
			isa = PBXNativeTarget;
			buildConfigurationList = C4FB2D582553E1EC005A16F4 /* Build configuration list for PBXNativeTarget "AppTests" */;
			buildPhases = (
				E8BFE514CDF5C4E1AFF58002 /* [CP] Check Pods Manifest.lock */,
				C4FB2D482553E1EB005A16F4 /* Sources */,
				C4FB2D492553E1EB005A16F4 /* Frameworks */,
				C4FB2D4A2553E1EB005A16F4 /* Resources */,
				4C7ECBC73EB96E541B82465E /* [CP] Embed Pods Frameworks */,
			);
			buildRules = (
			);
			dependencies = (
				C4FB2D4E2553E1EB005A16F4 /* PBXTargetDependency */,
			);
			name = AppTests;
			productName = AppTests;
			productReference = C4FB2D4C2553E1EB005A16F4 /* AppTests.xctest */;
			productType = "com.apple.product-type.bundle.unit-test";
		};
/* End PBXNativeTarget section */

/* Begin PBXProject section */
		C4FB2D2B2553E1EA005A16F4 /* Project object */ = {
			isa = PBXProject;
			attributes = {
				LastSwiftUpdateCheck = 1140;
				LastUpgradeCheck = 1140;
				ORGANIZATIONNAME = JORELCRUZ;
				TargetAttributes = {
					C4FB2D322553E1EA005A16F4 = {
						CreatedOnToolsVersion = 11.4.1;
					};
					C4FB2D4B2553E1EB005A16F4 = {
						CreatedOnToolsVersion = 11.4.1;
						TestTargetID = C4FB2D322553E1EA005A16F4;
					};
				};
			};
			buildConfigurationList = C4FB2D2E2553E1EA005A16F4 /* Build configuration list for PBXProject "App" */;
			compatibilityVersion = "Xcode 9.3";
			developmentRegion = en;
			hasScannedForEncodings = 0;
			knownRegions = (
				en,
				Base,
			);
			mainGroup = C4FB2D2A2553E1EA005A16F4;
			productRefGroup = C4FB2D342553E1EA005A16F4 /* Products */;
			projectDirPath = "";
			projectRoot = "";
			targets = (
				C4FB2D322553E1EA005A16F4 /* App */,
				C4FB2D4B2553E1EB005A16F4 /* AppTests */,
			);
		};
/* End PBXProject section */

/* Begin PBXResourcesBuildPhase section */
		C4FB2D312553E1EA005A16F4 /* Resources */ = {
			isa = PBXResourcesBuildPhase;
			buildActionMask = 2147483647;
			files = (
				C43E844D25543C5D00B82018 /* UserList.json in Resources */,
				C4FB2D462553E1EB005A16F4 /* LaunchScreen.storyboard in Resources */,
				C4FB2D432553E1EB005A16F4 /* Assets.xcassets in Resources */,
				C4FB2D3E2553E1EA005A16F4 /* Main.storyboard in Resources */,
			);
			runOnlyForDeploymentPostprocessing = 0;
		};
		C4FB2D4A2553E1EB005A16F4 /* Resources */ = {
			isa = PBXResourcesBuildPhase;
			buildActionMask = 2147483647;
			files = (
				C43E844425542F2000B82018 /* UserList.json in Resources */,
			);
			runOnlyForDeploymentPostprocessing = 0;
		};
/* End PBXResourcesBuildPhase section */

/* Begin PBXShellScriptBuildPhase section */
		4C7ECBC73EB96E541B82465E /* [CP] Embed Pods Frameworks */ = {
			isa = PBXShellScriptBuildPhase;
			buildActionMask = 2147483647;
			files = (
			);
			inputFileListPaths = (
				"${PODS_ROOT}/Target Support Files/Pods-AppTests/Pods-AppTests-frameworks-${CONFIGURATION}-input-files.xcfilelist",
			);
			name = "[CP] Embed Pods Frameworks";
			outputFileListPaths = (
				"${PODS_ROOT}/Target Support Files/Pods-AppTests/Pods-AppTests-frameworks-${CONFIGURATION}-output-files.xcfilelist",
			);
			runOnlyForDeploymentPostprocessing = 0;
			shellPath = /bin/sh;
			shellScript = "\"${PODS_ROOT}/Target Support Files/Pods-AppTests/Pods-AppTests-frameworks.sh\"\n";
			showEnvVarsInLog = 0;
		};
		AFD2CA7BB26725662AF63024 /* [CP] Check Pods Manifest.lock */ = {
			isa = PBXShellScriptBuildPhase;
			buildActionMask = 2147483647;
			files = (
			);
			inputFileListPaths = (
			);
			inputPaths = (
				"${PODS_PODFILE_DIR_PATH}/Podfile.lock",
				"${PODS_ROOT}/Manifest.lock",
			);
			name = "[CP] Check Pods Manifest.lock";
			outputFileListPaths = (
			);
			outputPaths = (
				"$(DERIVED_FILE_DIR)/Pods-App-checkManifestLockResult.txt",
			);
			runOnlyForDeploymentPostprocessing = 0;
			shellPath = /bin/sh;
			shellScript = "diff \"${PODS_PODFILE_DIR_PATH}/Podfile.lock\" \"${PODS_ROOT}/Manifest.lock\" > /dev/null\nif [ $? != 0 ] ; then\n    # print error to STDERR\n    echo \"error: The sandbox is not in sync with the Podfile.lock. Run 'pod install' or update your CocoaPods installation.\" >&2\n    exit 1\nfi\n# This output is used by Xcode 'outputs' to avoid re-running this script phase.\necho \"SUCCESS\" > \"${SCRIPT_OUTPUT_FILE_0}\"\n";
			showEnvVarsInLog = 0;
		};
		E8BFE514CDF5C4E1AFF58002 /* [CP] Check Pods Manifest.lock */ = {
			isa = PBXShellScriptBuildPhase;
			buildActionMask = 2147483647;
			files = (
			);
			inputFileListPaths = (
			);
			inputPaths = (
				"${PODS_PODFILE_DIR_PATH}/Podfile.lock",
				"${PODS_ROOT}/Manifest.lock",
			);
			name = "[CP] Check Pods Manifest.lock";
			outputFileListPaths = (
			);
			outputPaths = (
				"$(DERIVED_FILE_DIR)/Pods-AppTests-checkManifestLockResult.txt",
			);
			runOnlyForDeploymentPostprocessing = 0;
			shellPath = /bin/sh;
			shellScript = "diff \"${PODS_PODFILE_DIR_PATH}/Podfile.lock\" \"${PODS_ROOT}/Manifest.lock\" > /dev/null\nif [ $? != 0 ] ; then\n    # print error to STDERR\n    echo \"error: The sandbox is not in sync with the Podfile.lock. Run 'pod install' or update your CocoaPods installation.\" >&2\n    exit 1\nfi\n# This output is used by Xcode 'outputs' to avoid re-running this script phase.\necho \"SUCCESS\" > \"${SCRIPT_OUTPUT_FILE_0}\"\n";
			showEnvVarsInLog = 0;
		};
/* End PBXShellScriptBuildPhase section */

/* Begin PBXSourcesBuildPhase section */
		C4FB2D2F2553E1EA005A16F4 /* Sources */ = {
			isa = PBXSourcesBuildPhase;
			buildActionMask = 2147483647;
			files = (
				C43E8453255454A400B82018 /* CodingUserInfoKey+Util.swift in Sources */,
				C495850B255D77A6006DE80F /* UserProfileViewController.swift in Sources */,
				C4E02C11255D78F7008D7779 /* AppCoordinator.swift in Sources */,
				C4FB2D412553E1EA005A16F4 /* App.xcdatamodeld in Sources */,
				C4958509255D707B006DE80F /* LoadingTableViewCell.swift in Sources */,
				C447C930255726F700E2E780 /* Network+Connectivity+Util.swift in Sources */,
				C4FB2D6D2553FC6F005A16F4 /* StandardTableViewCell.swift in Sources */,
				C4FB2D662553E435005A16F4 /* APIService.swift in Sources */,
				C4E02C13255D7908008D7779 /* Coordinator.swift in Sources */,
				C4FEF689255BEAFC00C78FA1 /* NoteTableViewCell.swift in Sources */,
				C4FB2D642553E3C3005A16F4 /* UserViewModel.swift in Sources */,
				C44DEFE02559EC98003E328F /* UIImage+Invert+Util.swift in Sources */,
				C447C92D2557166200E2E780 /* User+CoreDataClass.swift in Sources */,
				C4E6D2A6255BF0270037834B /* UIView+Util.swift in Sources */,
				C43E845F2554780700B82018 /* UserStorageManager.swift in Sources */,
				C4FB2D602553E316005A16F4 /* UsersListViewController.swift in Sources */,
				C4FB2D372553E1EA005A16F4 /* AppDelegate.swift in Sources */,
				C4E6D2A8255C32380037834B /* GenericTableViewCell.swift in Sources */,
				C4FB2D6B2553FC22005A16F4 /* UserTableViewDataSource.swift in Sources */,
				C43E84502554415000B82018 /* CoreDataStorage.swift in Sources */,
				C447C92E2557166200E2E780 /* User+CoreDataProperties.swift in Sources */,
				C447C92A2556DCF700E2E780 /* UITableView+Util.swift in Sources */,
				C44DEFDE2559E73E003E328F /* UIImageView+Cache+Util.swift in Sources */,
				C40FB057255DAA100085A71D /* ProfileViewModel.swift in Sources */,
				C4E02C0E255D7866008D7779 /* Storyboard.swift in Sources */,
				C4FB2D70255405B7005A16F4 /* BetterLogs.swift in Sources */,
				C4FEF687255BEAF100C78FA1 /* InvertedTableViewCell.swift in Sources */,
				C4FB2D392553E1EA005A16F4 /* SceneDelegate.swift in Sources */,
			);
			runOnlyForDeploymentPostprocessing = 0;
		};
		C4FB2D482553E1EB005A16F4 /* Sources */ = {
			isa = PBXSourcesBuildPhase;
			buildActionMask = 2147483647;
			files = (
				C40FB059255DAB480085A71D /* ProfileViewModelTests.swift in Sources */,
				C43E844C255433A300B82018 /* ServiceMockHelper.swift in Sources */,
				C4A9BDC4255429EB000090B7 /* UserViewModelTests.swift in Sources */,
				C43E84472554310700B82018 /* APIServiceMock.swift in Sources */,
				C43E844A2554316300B82018 /* JSONHelper.swift in Sources */,
			);
			runOnlyForDeploymentPostprocessing = 0;
		};
/* End PBXSourcesBuildPhase section */

/* Begin PBXTargetDependency section */
		C4FB2D4E2553E1EB005A16F4 /* PBXTargetDependency */ = {
			isa = PBXTargetDependency;
			target = C4FB2D322553E1EA005A16F4 /* App */;
			targetProxy = C4FB2D4D2553E1EB005A16F4 /* PBXContainerItemProxy */;
		};
/* End PBXTargetDependency section */

/* Begin PBXVariantGroup section */
		C4FB2D3C2553E1EA005A16F4 /* Main.storyboard */ = {
			isa = PBXVariantGroup;
			children = (
				C4FB2D3D2553E1EA005A16F4 /* Base */,
			);
			name = Main.storyboard;
			sourceTree = "<group>";
		};
		C4FB2D442553E1EB005A16F4 /* LaunchScreen.storyboard */ = {
			isa = PBXVariantGroup;
			children = (
				C4FB2D452553E1EB005A16F4 /* Base */,
			);
			name = LaunchScreen.storyboard;
			sourceTree = "<group>";
		};
/* End PBXVariantGroup section */

/* Begin XCBuildConfiguration section */
		C4FB2D532553E1EC005A16F4 /* Debug */ = {
			isa = XCBuildConfiguration;
			buildSettings = {
				ALWAYS_SEARCH_USER_PATHS = NO;
				CLANG_ANALYZER_NONNULL = YES;
				CLANG_ANALYZER_NUMBER_OBJECT_CONVERSION = YES_AGGRESSIVE;
				CLANG_CXX_LANGUAGE_STANDARD = "gnu++14";
				CLANG_CXX_LIBRARY = "libc++";
				CLANG_ENABLE_MODULES = YES;
				CLANG_ENABLE_OBJC_ARC = YES;
				CLANG_ENABLE_OBJC_WEAK = YES;
				CLANG_WARN_BLOCK_CAPTURE_AUTORELEASING = YES;
				CLANG_WARN_BOOL_CONVERSION = YES;
				CLANG_WARN_COMMA = YES;
				CLANG_WARN_CONSTANT_CONVERSION = YES;
				CLANG_WARN_DEPRECATED_OBJC_IMPLEMENTATIONS = YES;
				CLANG_WARN_DIRECT_OBJC_ISA_USAGE = YES_ERROR;
				CLANG_WARN_DOCUMENTATION_COMMENTS = YES;
				CLANG_WARN_EMPTY_BODY = YES;
				CLANG_WARN_ENUM_CONVERSION = YES;
				CLANG_WARN_INFINITE_RECURSION = YES;
				CLANG_WARN_INT_CONVERSION = YES;
				CLANG_WARN_NON_LITERAL_NULL_CONVERSION = YES;
				CLANG_WARN_OBJC_IMPLICIT_RETAIN_SELF = YES;
				CLANG_WARN_OBJC_LITERAL_CONVERSION = YES;
				CLANG_WARN_OBJC_ROOT_CLASS = YES_ERROR;
				CLANG_WARN_RANGE_LOOP_ANALYSIS = YES;
				CLANG_WARN_STRICT_PROTOTYPES = YES;
				CLANG_WARN_SUSPICIOUS_MOVE = YES;
				CLANG_WARN_UNGUARDED_AVAILABILITY = YES_AGGRESSIVE;
				CLANG_WARN_UNREACHABLE_CODE = YES;
				CLANG_WARN__DUPLICATE_METHOD_MATCH = YES;
				COPY_PHASE_STRIP = NO;
				DEBUG_INFORMATION_FORMAT = dwarf;
				ENABLE_STRICT_OBJC_MSGSEND = YES;
				ENABLE_TESTABILITY = YES;
				GCC_C_LANGUAGE_STANDARD = gnu11;
				GCC_DYNAMIC_NO_PIC = NO;
				GCC_NO_COMMON_BLOCKS = YES;
				GCC_OPTIMIZATION_LEVEL = 0;
				GCC_PREPROCESSOR_DEFINITIONS = (
					"DEBUG=1",
					"$(inherited)",
				);
				GCC_WARN_64_TO_32_BIT_CONVERSION = YES;
				GCC_WARN_ABOUT_RETURN_TYPE = YES_ERROR;
				GCC_WARN_UNDECLARED_SELECTOR = YES;
				GCC_WARN_UNINITIALIZED_AUTOS = YES_AGGRESSIVE;
				GCC_WARN_UNUSED_FUNCTION = YES;
				GCC_WARN_UNUSED_VARIABLE = YES;
				IPHONEOS_DEPLOYMENT_TARGET = 13.4;
				MTL_ENABLE_DEBUG_INFO = INCLUDE_SOURCE;
				MTL_FAST_MATH = YES;
				ONLY_ACTIVE_ARCH = YES;
				SDKROOT = iphoneos;
				SWIFT_ACTIVE_COMPILATION_CONDITIONS = DEBUG;
				SWIFT_OPTIMIZATION_LEVEL = "-Onone";
			};
			name = Debug;
		};
		C4FB2D542553E1EC005A16F4 /* Release */ = {
			isa = XCBuildConfiguration;
			buildSettings = {
				ALWAYS_SEARCH_USER_PATHS = NO;
				CLANG_ANALYZER_NONNULL = YES;
				CLANG_ANALYZER_NUMBER_OBJECT_CONVERSION = YES_AGGRESSIVE;
				CLANG_CXX_LANGUAGE_STANDARD = "gnu++14";
				CLANG_CXX_LIBRARY = "libc++";
				CLANG_ENABLE_MODULES = YES;
				CLANG_ENABLE_OBJC_ARC = YES;
				CLANG_ENABLE_OBJC_WEAK = YES;
				CLANG_WARN_BLOCK_CAPTURE_AUTORELEASING = YES;
				CLANG_WARN_BOOL_CONVERSION = YES;
				CLANG_WARN_COMMA = YES;
				CLANG_WARN_CONSTANT_CONVERSION = YES;
				CLANG_WARN_DEPRECATED_OBJC_IMPLEMENTATIONS = YES;
				CLANG_WARN_DIRECT_OBJC_ISA_USAGE = YES_ERROR;
				CLANG_WARN_DOCUMENTATION_COMMENTS = YES;
				CLANG_WARN_EMPTY_BODY = YES;
				CLANG_WARN_ENUM_CONVERSION = YES;
				CLANG_WARN_INFINITE_RECURSION = YES;
				CLANG_WARN_INT_CONVERSION = YES;
				CLANG_WARN_NON_LITERAL_NULL_CONVERSION = YES;
				CLANG_WARN_OBJC_IMPLICIT_RETAIN_SELF = YES;
				CLANG_WARN_OBJC_LITERAL_CONVERSION = YES;
				CLANG_WARN_OBJC_ROOT_CLASS = YES_ERROR;
				CLANG_WARN_RANGE_LOOP_ANALYSIS = YES;
				CLANG_WARN_STRICT_PROTOTYPES = YES;
				CLANG_WARN_SUSPICIOUS_MOVE = YES;
				CLANG_WARN_UNGUARDED_AVAILABILITY = YES_AGGRESSIVE;
				CLANG_WARN_UNREACHABLE_CODE = YES;
				CLANG_WARN__DUPLICATE_METHOD_MATCH = YES;
				COPY_PHASE_STRIP = NO;
				DEBUG_INFORMATION_FORMAT = "dwarf-with-dsym";
				ENABLE_NS_ASSERTIONS = NO;
				ENABLE_STRICT_OBJC_MSGSEND = YES;
				GCC_C_LANGUAGE_STANDARD = gnu11;
				GCC_NO_COMMON_BLOCKS = YES;
				GCC_WARN_64_TO_32_BIT_CONVERSION = YES;
				GCC_WARN_ABOUT_RETURN_TYPE = YES_ERROR;
				GCC_WARN_UNDECLARED_SELECTOR = YES;
				GCC_WARN_UNINITIALIZED_AUTOS = YES_AGGRESSIVE;
				GCC_WARN_UNUSED_FUNCTION = YES;
				GCC_WARN_UNUSED_VARIABLE = YES;
				IPHONEOS_DEPLOYMENT_TARGET = 13.4;
				MTL_ENABLE_DEBUG_INFO = NO;
				MTL_FAST_MATH = YES;
				SDKROOT = iphoneos;
				SWIFT_COMPILATION_MODE = wholemodule;
				SWIFT_OPTIMIZATION_LEVEL = "-O";
				VALIDATE_PRODUCT = YES;
			};
			name = Release;
		};
		C4FB2D562553E1EC005A16F4 /* Debug */ = {
			isa = XCBuildConfiguration;
			baseConfigurationReference = 8E2473B097E193DAE2D65B53 /* Pods-App.debug.xcconfig */;
			buildSettings = {
				ASSETCATALOG_COMPILER_APPICON_NAME = AppIcon;
				CODE_SIGN_STYLE = Automatic;
				INFOPLIST_FILE = App/Info.plist;
				LD_RUNPATH_SEARCH_PATHS = (
					"$(inherited)",
					"@executable_path/Frameworks",
				);
				PRODUCT_BUNDLE_IDENTIFIER = com.exam.App;
				PRODUCT_NAME = "$(TARGET_NAME)";
				SWIFT_VERSION = 5.0;
				TARGETED_DEVICE_FAMILY = "1,2";
			};
			name = Debug;
		};
		C4FB2D572553E1EC005A16F4 /* Release */ = {
			isa = XCBuildConfiguration;
			baseConfigurationReference = 885D6023638E66F53F37E931 /* Pods-App.release.xcconfig */;
			buildSettings = {
				ASSETCATALOG_COMPILER_APPICON_NAME = AppIcon;
				CODE_SIGN_STYLE = Automatic;
				INFOPLIST_FILE = App/Info.plist;
				LD_RUNPATH_SEARCH_PATHS = (
					"$(inherited)",
					"@executable_path/Frameworks",
				);
				PRODUCT_BUNDLE_IDENTIFIER = com.exam.App;
				PRODUCT_NAME = "$(TARGET_NAME)";
				SWIFT_VERSION = 5.0;
				TARGETED_DEVICE_FAMILY = "1,2";
			};
			name = Release;
		};
		C4FB2D592553E1EC005A16F4 /* Debug */ = {
			isa = XCBuildConfiguration;
			baseConfigurationReference = 74BDCE8039D27921009F0410 /* Pods-AppTests.debug.xcconfig */;
			buildSettings = {
				ALWAYS_EMBED_SWIFT_STANDARD_LIBRARIES = YES;
				BUNDLE_LOADER = "$(TEST_HOST)";
				CODE_SIGN_STYLE = Automatic;
				INFOPLIST_FILE = AppTests/Info.plist;
				IPHONEOS_DEPLOYMENT_TARGET = 13.4;
				LD_RUNPATH_SEARCH_PATHS = (
					"$(inherited)",
					"@executable_path/Frameworks",
					"@loader_path/Frameworks",
				);
				PRODUCT_BUNDLE_IDENTIFIER = com.exam.AppTests;
				PRODUCT_NAME = "$(TARGET_NAME)";
				SWIFT_VERSION = 5.0;
				TARGETED_DEVICE_FAMILY = "1,2";
				TEST_HOST = "$(BUILT_PRODUCTS_DIR)/App.app/App";
			};
			name = Debug;
		};
		C4FB2D5A2553E1EC005A16F4 /* Release */ = {
			isa = XCBuildConfiguration;
			baseConfigurationReference = 7B802CA00A6281468A99163E /* Pods-AppTests.release.xcconfig */;
			buildSettings = {
				ALWAYS_EMBED_SWIFT_STANDARD_LIBRARIES = YES;
				BUNDLE_LOADER = "$(TEST_HOST)";
				CODE_SIGN_STYLE = Automatic;
				INFOPLIST_FILE = AppTests/Info.plist;
				IPHONEOS_DEPLOYMENT_TARGET = 13.4;
				LD_RUNPATH_SEARCH_PATHS = (
					"$(inherited)",
					"@executable_path/Frameworks",
					"@loader_path/Frameworks",
				);
				PRODUCT_BUNDLE_IDENTIFIER = com.exam.AppTests;
				PRODUCT_NAME = "$(TARGET_NAME)";
				SWIFT_VERSION = 5.0;
				TARGETED_DEVICE_FAMILY = "1,2";
				TEST_HOST = "$(BUILT_PRODUCTS_DIR)/App.app/App";
			};
			name = Release;
		};
/* End XCBuildConfiguration section */

/* Begin XCConfigurationList section */
		C4FB2D2E2553E1EA005A16F4 /* Build configuration list for PBXProject "App" */ = {
			isa = XCConfigurationList;
			buildConfigurations = (
				C4FB2D532553E1EC005A16F4 /* Debug */,
				C4FB2D542553E1EC005A16F4 /* Release */,
			);
			defaultConfigurationIsVisible = 0;
			defaultConfigurationName = Release;
		};
		C4FB2D552553E1EC005A16F4 /* Build configuration list for PBXNativeTarget "App" */ = {
			isa = XCConfigurationList;
			buildConfigurations = (
				C4FB2D562553E1EC005A16F4 /* Debug */,
				C4FB2D572553E1EC005A16F4 /* Release */,
			);
			defaultConfigurationIsVisible = 0;
			defaultConfigurationName = Release;
		};
		C4FB2D582553E1EC005A16F4 /* Build configuration list for PBXNativeTarget "AppTests" */ = {
			isa = XCConfigurationList;
			buildConfigurations = (
				C4FB2D592553E1EC005A16F4 /* Debug */,
				C4FB2D5A2553E1EC005A16F4 /* Release */,
			);
			defaultConfigurationIsVisible = 0;
			defaultConfigurationName = Release;
		};
/* End XCConfigurationList section */

/* Begin XCVersionGroup section */
		C4FB2D3F2553E1EA005A16F4 /* App.xcdatamodeld */ = {
			isa = XCVersionGroup;
			children = (
				C4FB2D402553E1EA005A16F4 /* App.xcdatamodel */,
			);
			currentVersion = C4FB2D402553E1EA005A16F4 /* App.xcdatamodel */;
			path = App.xcdatamodeld;
			sourceTree = "<group>";
			versionGroupType = wrapper.xcdatamodel;
		};
/* End XCVersionGroup section */
	};
	rootObject = C4FB2D2B2553E1EA005A16F4 /* Project object */;
}
